// !$*UTF8*$!
{
	archiveVersion = 1;
	classes = {
	};
	objectVersion = 46;
	objects = {

/* Begin PBXBuildFile section */
		16DDAA6E1F76CA8B003AFDF2 /* AppDelegate.swift in Sources */ = {isa = PBXBuildFile; fileRef = 16DDAA6D1F76CA8B003AFDF2 /* AppDelegate.swift */; };
		16DDAA751F76CA8B003AFDF2 /* Assets.xcassets in Resources */ = {isa = PBXBuildFile; fileRef = 16DDAA741F76CA8B003AFDF2 /* Assets.xcassets */; };
		16DDAA781F76CA8B003AFDF2 /* LaunchScreen.storyboard in Resources */ = {isa = PBXBuildFile; fileRef = 16DDAA761F76CA8B003AFDF2 /* LaunchScreen.storyboard */; };
		16DDAA811F76CA9E003AFDF2 /* DetailViewController.swift in Sources */ = {isa = PBXBuildFile; fileRef = 16DDAA7F1F76CA9E003AFDF2 /* DetailViewController.swift */; };
		16DDAA821F76CA9E003AFDF2 /* MyCustomTableViewCell.swift in Sources */ = {isa = PBXBuildFile; fileRef = 16DDAA801F76CA9E003AFDF2 /* MyCustomTableViewCell.swift */; };
		16DDAA841F76CAAA003AFDF2 /* ViewController.swift in Sources */ = {isa = PBXBuildFile; fileRef = 16DDAA831F76CAAA003AFDF2 /* ViewController.swift */; };
		16DDAA861F76CAD4003AFDF2 /* Main.storyboard in Resources */ = {isa = PBXBuildFile; fileRef = 16DDAA851F76CAD4003AFDF2 /* Main.storyboard */; };
		16DDAA8E1F76CAF3003AFDF2 /* Australia.png in Resources */ = {isa = PBXBuildFile; fileRef = 16DDAA881F76CAF3003AFDF2 /* Australia.png */; };
		16DDAA8F1F76CAF3003AFDF2 /* Brazil.png in Resources */ = {isa = PBXBuildFile; fileRef = 16DDAA891F76CAF3003AFDF2 /* Brazil.png */; };
		16DDAA901F76CAF3003AFDF2 /* Germany.png in Resources */ = {isa = PBXBuildFile; fileRef = 16DDAA8A1F76CAF3003AFDF2 /* Germany.png */; };
		16DDAA911F76CAF3003AFDF2 /* Nepal.png in Resources */ = {isa = PBXBuildFile; fileRef = 16DDAA8B1F76CAF3003AFDF2 /* Nepal.png */; };
		16DDAA921F76CAF3003AFDF2 /* South Africa.png in Resources */ = {isa = PBXBuildFile; fileRef = 16DDAA8C1F76CAF3003AFDF2 /* South Africa.png */; };
		16DDAA931F76CAF3003AFDF2 /* USA.png in Resources */ = {isa = PBXBuildFile; fileRef = 16DDAA8D1F76CAF3003AFDF2 /* USA.png */; };
		16F0F8B91F76CCF700D31463 /* UITableView Basics - Swift 3.key in Resources */ = {isa = PBXBuildFile; fileRef = 16F0F8B81F76CCF700D31463 /* UITableView Basics - Swift 3.key */; };
/* End PBXBuildFile section */

/* Begin PBXFileReference section */
		16DDAA6A1F76CA8B003AFDF2 /* BasicTableViewDemoExample.app */ = {isa = PBXFileReference; explicitFileType = wrapper.application; includeInIndex = 0; path = BasicTableViewDemoExample.app; sourceTree = BUILT_PRODUCTS_DIR; };
		16DDAA6D1F76CA8B003AFDF2 /* AppDelegate.swift */ = {isa = PBXFileReference; lastKnownFileType = sourcecode.swift; path = AppDelegate.swift; sourceTree = "<group>"; };
		16DDAA741F76CA8B003AFDF2 /* Assets.xcassets */ = {isa = PBXFileReference; lastKnownFileType = folder.assetcatalog; path = Assets.xcassets; sourceTree = "<group>"; };
		16DDAA771F76CA8B003AFDF2 /* Base */ = {isa = PBXFileReference; lastKnownFileType = file.storyboard; name = Base; path = Base.lproj/LaunchScreen.storyboard; sourceTree = "<group>"; };
		16DDAA791F76CA8B003AFDF2 /* Info.plist */ = {isa = PBXFileReference; lastKnownFileType = text.plist.xml; path = Info.plist; sourceTree = "<group>"; };
		16DDAA7F1F76CA9E003AFDF2 /* DetailViewController.swift */ = {isa = PBXFileReference; fileEncoding = 4; lastKnownFileType = sourcecode.swift; path = DetailViewController.swift; sourceTree = "<group>"; };
		16DDAA801F76CA9E003AFDF2 /* MyCustomTableViewCell.swift */ = {isa = PBXFileReference; fileEncoding = 4; lastKnownFileType = sourcecode.swift; path = MyCustomTableViewCell.swift; sourceTree = "<group>"; };
		16DDAA831F76CAAA003AFDF2 /* ViewController.swift */ = {isa = PBXFileReference; fileEncoding = 4; lastKnownFileType = sourcecode.swift; path = ViewController.swift; sourceTree = "<group>"; };
		16DDAA851F76CAD4003AFDF2 /* Main.storyboard */ = {isa = PBXFileReference; fileEncoding = 4; lastKnownFileType = file.storyboard; path = Main.storyboard; sourceTree = "<group>"; };
		16DDAA881F76CAF3003AFDF2 /* Australia.png */ = {isa = PBXFileReference; lastKnownFileType = image.png; path = Australia.png; sourceTree = "<group>"; };
		16DDAA891F76CAF3003AFDF2 /* Brazil.png */ = {isa = PBXFileReference; lastKnownFileType = image.png; path = Brazil.png; sourceTree = "<group>"; };
		16DDAA8A1F76CAF3003AFDF2 /* Germany.png */ = {isa = PBXFileReference; lastKnownFileType = image.png; path = Germany.png; sourceTree = "<group>"; };
		16DDAA8B1F76CAF3003AFDF2 /* Nepal.png */ = {isa = PBXFileReference; lastKnownFileType = image.png; path = Nepal.png; sourceTree = "<group>"; };
		16DDAA8C1F76CAF3003AFDF2 /* South Africa.png */ = {isa = PBXFileReference; lastKnownFileType = image.png; path = "South Africa.png"; sourceTree = "<group>"; };
		16DDAA8D1F76CAF3003AFDF2 /* USA.png */ = {isa = PBXFileReference; lastKnownFileType = image.png; path = USA.png; sourceTree = "<group>"; };
		16F0F8B81F76CCF700D31463 /* UITableView Basics - Swift 3.key */ = {isa = PBXFileReference; lastKnownFileType = file; path = "UITableView Basics - Swift 3.key"; sourceTree = "<group>"; };
/* End PBXFileReference section */

/* Begin PBXFrameworksBuildPhase section */
		16DDAA671F76CA8B003AFDF2 /* Frameworks */ = {
			isa = PBXFrameworksBuildPhase;
			buildActionMask = 2147483647;
			files = (
			);
			runOnlyForDeploymentPostprocessing = 0;
		};
/* End PBXFrameworksBuildPhase section */

/* Begin PBXGroup section */
		16DDAA611F76CA8B003AFDF2 = {
			isa = PBXGroup;
			children = (
				16DDAA6C1F76CA8B003AFDF2 /* BasicTableViewDemoExample */,
				16DDAA6B1F76CA8B003AFDF2 /* Products */,
			);
			sourceTree = "<group>";
		};
		16DDAA6B1F76CA8B003AFDF2 /* Products */ = {
			isa = PBXGroup;
			children = (
				16DDAA6A1F76CA8B003AFDF2 /* BasicTableViewDemoExample.app */,
			);
			name = Products;
			sourceTree = "<group>";
		};
		16DDAA6C1F76CA8B003AFDF2 /* BasicTableViewDemoExample */ = {
			isa = PBXGroup;
			children = (
				16F0F8B81F76CCF700D31463 /* UITableView Basics - Swift 3.key */,
				16DDAA871F76CAF3003AFDF2 /* Nations */,
				16DDAA851F76CAD4003AFDF2 /* Main.storyboard */,
				16DDAA6D1F76CA8B003AFDF2 /* AppDelegate.swift */,
				16DDAA831F76CAAA003AFDF2 /* ViewController.swift */,
				16DDAA7F1F76CA9E003AFDF2 /* DetailViewController.swift */,
				16DDAA801F76CA9E003AFDF2 /* MyCustomTableViewCell.swift */,
				16DDAA741F76CA8B003AFDF2 /* Assets.xcassets */,
				16DDAA761F76CA8B003AFDF2 /* LaunchScreen.storyboard */,
				16DDAA791F76CA8B003AFDF2 /* Info.plist */,
			);
			path = BasicTableViewDemoExample;
			sourceTree = "<group>";
		};
		16DDAA871F76CAF3003AFDF2 /* Nations */ = {
			isa = PBXGroup;
			children = (
				16DDAA881F76CAF3003AFDF2 /* Australia.png */,
				16DDAA891F76CAF3003AFDF2 /* Brazil.png */,
				16DDAA8A1F76CAF3003AFDF2 /* Germany.png */,
				16DDAA8B1F76CAF3003AFDF2 /* Nepal.png */,
				16DDAA8C1F76CAF3003AFDF2 /* South Africa.png */,
				16DDAA8D1F76CAF3003AFDF2 /* USA.png */,
			);
			path = Nations;
			sourceTree = "<group>";
		};
/* End PBXGroup section */

/* Begin PBXNativeTarget section */
		16DDAA691F76CA8B003AFDF2 /* BasicTableViewDemoExample */ = {
			isa = PBXNativeTarget;
			buildConfigurationList = 16DDAA7C1F76CA8B003AFDF2 /* Build configuration list for PBXNativeTarget "BasicTableViewDemoExample" */;
			buildPhases = (
				16DDAA661F76CA8B003AFDF2 /* Sources */,
				16DDAA671F76CA8B003AFDF2 /* Frameworks */,
				16DDAA681F76CA8B003AFDF2 /* Resources */,
			);
			buildRules = (
			);
			dependencies = (
			);
			name = BasicTableViewDemoExample;
			productName = BasicTableViewDemoExample;
			productReference = 16DDAA6A1F76CA8B003AFDF2 /* BasicTableViewDemoExample.app */;
			productType = "com.apple.product-type.application";
		};
/* End PBXNativeTarget section */

/* Begin PBXProject section */
		16DDAA621F76CA8B003AFDF2 /* Project object */ = {
			isa = PBXProject;
			attributes = {
				LastSwiftUpdateCheck = 0830;
				LastUpgradeCheck = 0830;
				ORGANIZATIONNAME = "Prakash Maharjan";
				TargetAttributes = {
					16DDAA691F76CA8B003AFDF2 = {
						CreatedOnToolsVersion = 8.3.3;
						ProvisioningStyle = Automatic;
					};
				};
			};
			buildConfigurationList = 16DDAA651F76CA8B003AFDF2 /* Build configuration list for PBXProject "BasicTableViewDemoExample" */;
			compatibilityVersion = "Xcode 3.2";
			developmentRegion = English;
			hasScannedForEncodings = 0;
			knownRegions = (
				en,
				Base,
			);
			mainGroup = 16DDAA611F76CA8B003AFDF2;
			productRefGroup = 16DDAA6B1F76CA8B003AFDF2 /* Products */;
			projectDirPath = "";
			projectRoot = "";
			targets = (
				16DDAA691F76CA8B003AFDF2 /* BasicTableViewDemoExample */,
			);
		};
/* End PBXProject section */

/* Begin PBXResourcesBuildPhase section */
		16DDAA681F76CA8B003AFDF2 /* Resources */ = {
			isa = PBXResourcesBuildPhase;
			buildActionMask = 2147483647;
			files = (
				16DDAA931F76CAF3003AFDF2 /* USA.png in Resources */,
				16DDAA8F1F76CAF3003AFDF2 /* Brazil.png in Resources */,
				16DDAA861F76CAD4003AFDF2 /* Main.storyboard in Resources */,
				16DDAA781F76CA8B003AFDF2 /* LaunchScreen.storyboard in Resources */,
				16DDAA8E1F76CAF3003AFDF2 /* Australia.png in Resources */,
				16DDAA921F76CAF3003AFDF2 /* South Africa.png in Resources */,
				16F0F8B91F76CCF700D31463 /* UITableView Basics - Swift 3.key in Resources */,
				16DDAA751F76CA8B003AFDF2 /* Assets.xcassets in Resources */,
				16DDAA901F76CAF3003AFDF2 /* Germany.png in Resources */,
				16DDAA911F76CAF3003AFDF2 /* Nepal.png in Resources */,
			);
			runOnlyForDeploymentPostprocessing = 0;
		};
/* End PBXResourcesBuildPhase section */

/* Begin PBXSourcesBuildPhase section */
		16DDAA661F76CA8B003AFDF2 /* Sources */ = {
			isa = PBXSourcesBuildPhase;
			buildActionMask = 2147483647;
			files = (
				16DDAA811F76CA9E003AFDF2 /* DetailViewController.swift in Sources */,
				16DDAA821F76CA9E003AFDF2 /* MyCustomTableViewCell.swift in Sources */,
				16DDAA841F76CAAA003AFDF2 /* ViewController.swift in Sources */,
				16DDAA6E1F76CA8B003AFDF2 /* AppDelegate.swift in Sources */,
			);
			runOnlyForDeploymentPostprocessing = 0;
		};
/* End PBXSourcesBuildPhase section */

/* Begin PBXVariantGroup section */
		16DDAA761F76CA8B003AFDF2 /* LaunchScreen.storyboard */ = {
			isa = PBXVariantGroup;
			children = (
				16DDAA771F76CA8B003AFDF2 /* Base */,
			);
			name = LaunchScreen.storyboard;
			sourceTree = "<group>";
		};
/* End PBXVariantGroup section */

/* Begin XCBuildConfiguration section */
		16DDAA7A1F76CA8B003AFDF2 /* Debug */ = {
			isa = XCBuildConfiguration;
			buildSettings = {
				ALWAYS_SEARCH_USER_PATHS = NO;
				CLANG_ANALYZER_NONNULL = YES;
				CLANG_ANALYZER_NUMBER_OBJECT_CONVERSION = YES_AGGRESSIVE;
				CLANG_CXX_LANGUAGE_STANDARD = "gnu++0x";
				CLANG_CXX_LIBRARY = "libc++";
				CLANG_ENABLE_MODULES = YES;
				CLANG_ENABLE_OBJC_ARC = YES;
				CLANG_WARN_BOOL_CONVERSION = YES;
				CLANG_WARN_CONSTANT_CONVERSION = YES;
				CLANG_WARN_DIRECT_OBJC_ISA_USAGE = YES_ERROR;
				CLANG_WARN_DOCUMENTATION_COMMENTS = YES;
				CLANG_WARN_EMPTY_BODY = YES;
				CLANG_WARN_ENUM_CONVERSION = YES;
				CLANG_WARN_INFINITE_RECURSION = YES;
				CLANG_WARN_INT_CONVERSION = YES;
				CLANG_WARN_OBJC_ROOT_CLASS = YES_ERROR;
				CLANG_WARN_SUSPICIOUS_MOVE = YES;
				CLANG_WARN_UNREACHABLE_CODE = YES;
				CLANG_WARN__DUPLICATE_METHOD_MATCH = YES;
				"CODE_SIGN_IDENTITY[sdk=iphoneos*]" = "iPhone Developer";
				COPY_PHASE_STRIP = NO;
				DEBUG_INFORMATION_FORMAT = dwarf;
				ENABLE_STRICT_OBJC_MSGSEND = YES;
				ENABLE_TESTABILITY = YES;
				GCC_C_LANGUAGE_STANDARD = gnu99;
				GCC_DYNAMIC_NO_PIC = NO;
				GCC_NO_COMMON_BLOCKS = YES;
				GCC_OPTIMIZATION_LEVEL = 0;
				GCC_PREPROCESSOR_DEFINITIONS = (
					"DEBUG=1",
					"$(inherited)",
				);
				GCC_WARN_64_TO_32_BIT_CONVERSION = YES;
				GCC_WARN_ABOUT_RETURN_TYPE = YES_ERROR;
				GCC_WARN_UNDECLARED_SELECTOR = YES;
				GCC_WARN_UNINITIALIZED_AUTOS = YES_AGGRESSIVE;
				GCC_WARN_UNUSED_FUNCTION = YES;
				GCC_WARN_UNUSED_VARIABLE = YES;
				IPHONEOS_DEPLOYMENT_TARGET = 10.3;
				MTL_ENABLE_DEBUG_INFO = YES;
				ONLY_ACTIVE_ARCH = YES;
				SDKROOT = iphoneos;
				SWIFT_ACTIVE_COMPILATION_CONDITIONS = DEBUG;
				SWIFT_OPTIMIZATION_LEVEL = "-Onone";
			};
			name = Debug;
		};
		16DDAA7B1F76CA8B003AFDF2 /* Release */ = {
			isa = XCBuildConfiguration;
			buildSettings = {
				ALWAYS_SEARCH_USER_PATHS = NO;
				CLANG_ANALYZER_NONNULL = YES;
				CLANG_ANALYZER_NUMBER_OBJECT_CONVERSION = YES_AGGRESSIVE;
				CLANG_CXX_LANGUAGE_STANDARD = "gnu++0x";
				CLANG_CXX_LIBRARY = "libc++";
				CLANG_ENABLE_MODULES = YES;
				CLANG_ENABLE_OBJC_ARC = YES;
				CLANG_WARN_BOOL_CONVERSION = YES;
				CLANG_WARN_CONSTANT_CONVERSION = YES;
				CLANG_WARN_DIRECT_OBJC_ISA_USAGE = YES_ERROR;
				CLANG_WARN_DOCUMENTATION_COMMENTS = YES;
				CLANG_WARN_EMPTY_BODY = YES;
				CLANG_WARN_ENUM_CONVERSION = YES;
				CLANG_WARN_INFINITE_RECURSION = YES;
				CLANG_WARN_INT_CONVERSION = YES;
				CLANG_WARN_OBJC_ROOT_CLASS = YES_ERROR;
				CLANG_WARN_SUSPICIOUS_MOVE = YES;
				CLANG_WARN_UNREACHABLE_CODE = YES;
				CLANG_WARN__DUPLICATE_METHOD_MATCH = YES;
				"CODE_SIGN_IDENTITY[sdk=iphoneos*]" = "iPhone Developer";
				COPY_PHASE_STRIP = NO;
				DEBUG_INFORMATION_FORMAT = "dwarf-with-dsym";
				ENABLE_NS_ASSERTIONS = NO;
				ENABLE_STRICT_OBJC_MSGSEND = YES;
				GCC_C_LANGUAGE_STANDARD = gnu99;
				GCC_NO_COMMON_BLOCKS = YES;
				GCC_WARN_64_TO_32_BIT_CONVERSION = YES;
				GCC_WARN_ABOUT_RETURN_TYPE = YES_ERROR;
				GCC_WARN_UNDECLARED_SELECTOR = YES;
				GCC_WARN_UNINITIALIZED_AUTOS = YES_AGGRESSIVE;
				GCC_WARN_UNUSED_FUNCTION = YES;
				GCC_WARN_UNUSED_VARIABLE = YES;
				IPHONEOS_DEPLOYMENT_TARGET = 10.3;
				MTL_ENABLE_DEBUG_INFO = NO;
				SDKROOT = iphoneos;
				SWIFT_OPTIMIZATION_LEVEL = "-Owholemodule";
				VALIDATE_PRODUCT = YES;
			};
			name = Release;
		};
		16DDAA7D1F76CA8B003AFDF2 /* Debug */ = {
			isa = XCBuildConfiguration;
			buildSettings = {
				ASSETCATALOG_COMPILER_APPICON_NAME = AppIcon;
				INFOPLIST_FILE = BasicTableViewDemoExample/Info.plist;
				LD_RUNPATH_SEARCH_PATHS = "$(inherited) @executable_path/Frameworks";
				PRODUCT_BUNDLE_IDENTIFIER = com.prakash.BasicTableViewDemoExample;
				PRODUCT_NAME = "$(TARGET_NAME)";
				SWIFT_VERSION = 3.0;
			};
			name = Debug;
		};
		16DDAA7E1F76CA8B003AFDF2 /* Release */ = {
			isa = XCBuildConfiguration;
			buildSettings = {
				ASSETCATALOG_COMPILER_APPICON_NAME = AppIcon;
				INFOPLIST_FILE = BasicTableViewDemoExample/Info.plist;
				LD_RUNPATH_SEARCH_PATHS = "$(inherited) @executable_path/Frameworks";
				PRODUCT_BUNDLE_IDENTIFIER = com.prakash.BasicTableViewDemoExample;
				PRODUCT_NAME = "$(TARGET_NAME)";
				SWIFT_VERSION = 3.0;
			};
			name = Release;
		};
/* End XCBuildConfiguration section */

/* Begin XCConfigurationList section */
		16DDAA651F76CA8B003AFDF2 /* Build configuration list for PBXProject "BasicTableViewDemoExample" */ = {
			isa = XCConfigurationList;
			buildConfigurations = (
				16DDAA7A1F76CA8B003AFDF2 /* Debug */,
				16DDAA7B1F76CA8B003AFDF2 /* Release */,
			);
			defaultConfigurationIsVisible = 0;
			defaultConfigurationName = Release;
		};
		16DDAA7C1F76CA8B003AFDF2 /* Build configuration list for PBXNativeTarget "BasicTableViewDemoExample" */ = {
			isa = XCConfigurationList;
			buildConfigurations = (
				16DDAA7D1F76CA8B003AFDF2 /* Debug */,
				16DDAA7E1F76CA8B003AFDF2 /* Release */,
			);
			defaultConfigurationIsVisible = 0;
			defaultConfigurationName = Release;
		};
/* End XCConfigurationList section */
	};
	rootObject = 16DDAA621F76CA8B003AFDF2 /* Project object */;
}
